
Microsoft Visual Studio Solution File, Format Version 12.00
# Visual Studio 2013
VisualStudioVersion = 12.0.30110.0
MinimumVisualStudioVersion = 10.0.40219.1
Project("{FAE04EC0-301F-11D3-BF4B-00C04F79EFBC}") = "AngularJS1", "AngularJS1\AngularJS1.csproj", "{524DE033-307A-4919-BB91-F1FCC69DD27A}"
EndProject
Global
	GlobalSection(SolutionConfigurationPlatforms) = preSolution
		Debug|Any CPU = Debug|Any CPU
		Release|Any CPU = Release|Any CPU
	EndGlobalSection
	GlobalSection(ProjectConfigurationPlatforms) = postSolution
		{524DE033-307A-4919-BB91-F1FCC69DD27A}.Debug|Any CPU.ActiveCfg = Debug|Any CPU
		{524DE033-307A-4919-BB91-F1FCC69DD27A}.Debug|Any CPU.Build.0 = Debug|Any CPU
		{524DE033-307A-4919-BB91-F1FCC69DD27A}.Release|Any CPU.ActiveCfg = Release|Any CPU
		{524DE033-307A-4919-BB91-F1FCC69DD27A}.Release|Any CPU.Build.0 = Release|Any CPU
	EndGlobalSection
	GlobalSection(SolutionProperties) = preSolution
		HideSolutionNode = FALSE
	EndGlobalSection
EndGlobal
